
Microsoft Visual Studio Solution File, Format Version 12.00
# Visual Studio 2017
Project("{FAE04EC0-301F-11D3-BF4B-00C04F79EFBC}") = "Ultra Marble 0.0.2", "Ultra Marble 0.0.2.csproj", "{96B6F2B6-FD21-33D4-50AA-D056E31E2809}"
EndProject
Global
	GlobalSection(SolutionConfigurationPlatforms) = preSolution
		Debug|Any CPU = Debug|Any CPU
		Release|Any CPU = Release|Any CPU
	EndGlobalSection
	GlobalSection(ProjectConfigurationPlatforms) = postSolution
		{96B6F2B6-FD21-33D4-50AA-D056E31E2809}.Debug|Any CPU.ActiveCfg = Debug|Any CPU
		{96B6F2B6-FD21-33D4-50AA-D056E31E2809}.Debug|Any CPU.Build.0 = Debug|Any CPU
		{96B6F2B6-FD21-33D4-50AA-D056E31E2809}.Release|Any CPU.ActiveCfg = Release|Any CPU
		{96B6F2B6-FD21-33D4-50AA-D056E31E2809}.Release|Any CPU.Build.0 = Release|Any CPU
	EndGlobalSection
	GlobalSection(SolutionProperties) = preSolution
		HideSolutionNode = FALSE
	EndGlobalSection
EndGlobal
